
Microsoft Visual Studio Solution File, Format Version 12.00
# Visual Studio Version 17
VisualStudioVersion = 17.9.34616.47
MinimumVisualStudioVersion = 10.0.40219.1
Project("{FAE04EC0-301F-11D3-BF4B-00C04F79EFBC}") = "BlazorWebAppAuto", "BlazorWebAppAuto\BlazorWebAppAuto\BlazorWebAppAuto.csproj", "{86247591-025E-4BD9-AB83-B8475D3FE52D}"
EndProject
Project("{FAE04EC0-301F-11D3-BF4B-00C04F79EFBC}") = "BlazorWebAppAuto.Client", "BlazorWebAppAuto\BlazorWebAppAuto.Client\BlazorWebAppAuto.Client.csproj", "{2C5C337F-FA2C-4F58-92DC-27B2E1F74CAD}"
EndProject
Global
	GlobalSection(SolutionConfigurationPlatforms) = preSolution
		Debug|Any CPU = Debug|Any CPU
		Release|Any CPU = Release|Any CPU
	EndGlobalSection
	GlobalSection(ProjectConfigurationPlatforms) = postSolution
		{86247591-025E-4BD9-AB83-B8475D3FE52D}.Debug|Any CPU.ActiveCfg = Debug|Any CPU
		{86247591-025E-4BD9-AB83-B8475D3FE52D}.Debug|Any CPU.Build.0 = Debug|Any CPU
		{86247591-025E-4BD9-AB83-B8475D3FE52D}.Release|Any CPU.ActiveCfg = Release|Any CPU
		{86247591-025E-4BD9-AB83-B8475D3FE52D}.Release|Any CPU.Build.0 = Release|Any CPU
		{2C5C337F-FA2C-4F58-92DC-27B2E1F74CAD}.Debug|Any CPU.ActiveCfg = Debug|Any CPU
		{2C5C337F-FA2C-4F58-92DC-27B2E1F74CAD}.Debug|Any CPU.Build.0 = Debug|Any CPU
		{2C5C337F-FA2C-4F58-92DC-27B2E1F74CAD}.Release|Any CPU.ActiveCfg = Release|Any CPU
		{2C5C337F-FA2C-4F58-92DC-27B2E1F74CAD}.Release|Any CPU.Build.0 = Release|Any CPU
	EndGlobalSection
	GlobalSection(SolutionProperties) = preSolution
		HideSolutionNode = FALSE
	EndGlobalSection
	GlobalSection(ExtensibilityGlobals) = postSolution
		SolutionGuid = {3B1C2E13-21D0-4EAF-889E-0CBA975CCF06}
	EndGlobalSection
EndGlobal
